
Microsoft Visual Studio Solution File, Format Version 12.00
# Visual Studio Version 16
VisualStudioVersion = 16.0.30717.126
MinimumVisualStudioVersion = 10.0.40219.1
Project("{FAE04EC0-301F-11D3-BF4B-00C04F79EFBC}") = "AppDuolingoClone.Android", "AppDuolingoClone.Android\AppDuolingoClone.Android.csproj", "{34528952-C02B-46D2-BAB0-D23A94A4A8EA}"
EndProject
Project("{FAE04EC0-301F-11D3-BF4B-00C04F79EFBC}") = "AppDuolingoClone.iOS", "AppDuolingoClone.iOS\AppDuolingoClone.iOS.csproj", "{82BA8D60-8ED8-4FD6-9AE5-DB34E7F4195F}"
EndProject
Project("{FAE04EC0-301F-11D3-BF4B-00C04F79EFBC}") = "AppDuolingoClone", "AppDuolingoClone\AppDuolingoClone.csproj", "{0A7840CA-A1D8-4BC8-8DC6-83616F61D802}"
EndProject
Global
	GlobalSection(SolutionConfigurationPlatforms) = preSolution
		Debug|Any CPU = Debug|Any CPU
		Debug|iPhone = Debug|iPhone
		Debug|iPhoneSimulator = Debug|iPhoneSimulator
		Release|Any CPU = Release|Any CPU
		Release|iPhone = Release|iPhone
		Release|iPhoneSimulator = Release|iPhoneSimulator
	EndGlobalSection
	GlobalSection(ProjectConfigurationPlatforms) = postSolution
		{34528952-C02B-46D2-BAB0-D23A94A4A8EA}.Debug|Any CPU.ActiveCfg = Debug|Any CPU
		{34528952-C02B-46D2-BAB0-D23A94A4A8EA}.Debug|Any CPU.Build.0 = Debug|Any CPU
		{34528952-C02B-46D2-BAB0-D23A94A4A8EA}.Debug|Any CPU.Deploy.0 = Debug|Any CPU
		{34528952-C02B-46D2-BAB0-D23A94A4A8EA}.Debug|iPhone.ActiveCfg = Debug|Any CPU
		{34528952-C02B-46D2-BAB0-D23A94A4A8EA}.Debug|iPhone.Build.0 = Debug|Any CPU
		{34528952-C02B-46D2-BAB0-D23A94A4A8EA}.Debug|iPhone.Deploy.0 = Debug|Any CPU
		{34528952-C02B-46D2-BAB0-D23A94A4A8EA}.Debug|iPhoneSimulator.ActiveCfg = Debug|Any CPU
		{34528952-C02B-46D2-BAB0-D23A94A4A8EA}.Debug|iPhoneSimulator.Build.0 = Debug|Any CPU
		{34528952-C02B-46D2-BAB0-D23A94A4A8EA}.Debug|iPhoneSimulator.Deploy.0 = Debug|Any CPU
		{34528952-C02B-46D2-BAB0-D23A94A4A8EA}.Release|Any CPU.ActiveCfg = Release|Any CPU
		{34528952-C02B-46D2-BAB0-D23A94A4A8EA}.Release|Any CPU.Build.0 = Release|Any CPU
		{34528952-C02B-46D2-BAB0-D23A94A4A8EA}.Release|Any CPU.Deploy.0 = Release|Any CPU
		{34528952-C02B-46D2-BAB0-D23A94A4A8EA}.Release|iPhone.ActiveCfg = Release|Any CPU
		{34528952-C02B-46D2-BAB0-D23A94A4A8EA}.Release|iPhone.Build.0 = Release|Any CPU
		{34528952-C02B-46D2-BAB0-D23A94A4A8EA}.Release|iPhone.Deploy.0 = Release|Any CPU
		{34528952-C02B-46D2-BAB0-D23A94A4A8EA}.Release|iPhoneSimulator.ActiveCfg = Release|Any CPU
		{34528952-C02B-46D2-BAB0-D23A94A4A8EA}.Release|iPhoneSimulator.Build.0 = Release|Any CPU
		{34528952-C02B-46D2-BAB0-D23A94A4A8EA}.Release|iPhoneSimulator.Deploy.0 = Release|Any CPU
		{82BA8D60-8ED8-4FD6-9AE5-DB34E7F4195F}.Debug|Any CPU.ActiveCfg = Debug|iPhone
		{82BA8D60-8ED8-4FD6-9AE5-DB34E7F4195F}.Debug|Any CPU.Build.0 = Debug|iPhone
		{82BA8D60-8ED8-4FD6-9AE5-DB34E7F4195F}.Debug|Any CPU.Deploy.0 = Debug|iPhone
		{82BA8D60-8ED8-4FD6-9AE5-DB34E7F4195F}.Debug|iPhone.ActiveCfg = Debug|iPhone
		{82BA8D60-8ED8-4FD6-9AE5-DB34E7F4195F}.Debug|iPhone.Build.0 = Debug|iPhone
		{82BA8D60-8ED8-4FD6-9AE5-DB34E7F4195F}.Debug|iPhone.Deploy.0 = Debug|iPhone
		{82BA8D60-8ED8-4FD6-9AE5-DB34E7F4195F}.Debug|iPhoneSimulator.ActiveCfg = Debug|iPhoneSimulator
		{82BA8D60-8ED8-4FD6-9AE5-DB34E7F4195F}.Debug|iPhoneSimulator.Build.0 = Debug|iPhoneSimulator
		{82BA8D60-8ED8-4FD6-9AE5-DB34E7F4195F}.Debug|iPhoneSimulator.Deploy.0 = Debug|iPhoneSimulator
		{82BA8D60-8ED8-4FD6-9AE5-DB34E7F4195F}.Release|Any CPU.ActiveCfg = Release|iPhoneSimulator
		{82BA8D60-8ED8-4FD6-9AE5-DB34E7F4195F}.Release|Any CPU.Build.0 = Release|iPhoneSimulator
		{82BA8D60-8ED8-4FD6-9AE5-DB34E7F4195F}.Release|Any CPU.Deploy.0 = Release|iPhoneSimulator
		{82BA8D60-8ED8-4FD6-9AE5-DB34E7F4195F}.Release|iPhone.ActiveCfg = Release|iPhone
		{82BA8D60-8ED8-4FD6-9AE5-DB34E7F4195F}.Release|iPhone.Build.0 = Release|iPhone
		{82BA8D60-8ED8-4FD6-9AE5-DB34E7F4195F}.Release|iPhone.Deploy.0 = Release|iPhone
		{82BA8D60-8ED8-4FD6-9AE5-DB34E7F4195F}.Release|iPhoneSimulator.ActiveCfg = Release|iPhoneSimulator
		{82BA8D60-8ED8-4FD6-9AE5-DB34E7F4195F}.Release|iPhoneSimulator.Build.0 = Release|iPhoneSimulator
		{82BA8D60-8ED8-4FD6-9AE5-DB34E7F4195F}.Release|iPhoneSimulator.Deploy.0 = Release|iPhoneSimulator
		{0A7840CA-A1D8-4BC8-8DC6-83616F61D802}.Debug|Any CPU.ActiveCfg = Debug|Any CPU
		{0A7840CA-A1D8-4BC8-8DC6-83616F61D802}.Debug|Any CPU.Build.0 = Debug|Any CPU
		{0A7840CA-A1D8-4BC8-8DC6-83616F61D802}.Debug|Any CPU.Deploy.0 = Debug|Any CPU
		{0A7840CA-A1D8-4BC8-8DC6-83616F61D802}.Debug|iPhone.ActiveCfg = Debug|Any CPU
		{0A7840CA-A1D8-4BC8-8DC6-83616F61D802}.Debug|iPhone.Build.0 = Debug|Any CPU
		{0A7840CA-A1D8-4BC8-8DC6-83616F61D802}.Debug|iPhone.Deploy.0 = Debug|Any CPU
		{0A7840CA-A1D8-4BC8-8DC6-83616F61D802}.Debug|iPhoneSimulator.ActiveCfg = Debug|Any CPU
		{0A7840CA-A1D8-4BC8-8DC6-83616F61D802}.Debug|iPhoneSimulator.Build.0 = Debug|Any CPU
		{0A7840CA-A1D8-4BC8-8DC6-83616F61D802}.Debug|iPhoneSimulator.Deploy.0 = Debug|Any CPU
		{0A7840CA-A1D8-4BC8-8DC6-83616F61D802}.Release|Any CPU.ActiveCfg = Release|Any CPU
		{0A7840CA-A1D8-4BC8-8DC6-83616F61D802}.Release|Any CPU.Build.0 = Release|Any CPU
		{0A7840CA-A1D8-4BC8-8DC6-83616F61D802}.Release|Any CPU.Deploy.0 = Release|Any CPU
		{0A7840CA-A1D8-4BC8-8DC6-83616F61D802}.Release|iPhone.ActiveCfg = Release|Any CPU
		{0A7840CA-A1D8-4BC8-8DC6-83616F61D802}.Release|iPhone.Build.0 = Release|Any CPU
		{0A7840CA-A1D8-4BC8-8DC6-83616F61D802}.Release|iPhone.Deploy.0 = Release|Any CPU
		{0A7840CA-A1D8-4BC8-8DC6-83616F61D802}.Release|iPhoneSimulator.ActiveCfg = Release|Any CPU
		{0A7840CA-A1D8-4BC8-8DC6-83616F61D802}.Release|iPhoneSimulator.Build.0 = Release|Any CPU
		{0A7840CA-A1D8-4BC8-8DC6-83616F61D802}.Release|iPhoneSimulator.Deploy.0 = Release|Any CPU
	EndGlobalSection
	GlobalSection(SolutionProperties) = preSolution
		HideSolutionNode = FALSE
	EndGlobalSection
	GlobalSection(ExtensibilityGlobals) = postSolution
		SolutionGuid = {C013B89F-3EB6-4D0B-A26D-D8E47DCB591E}
	EndGlobalSection
EndGlobal
